
Microsoft Visual Studio Solution File, Format Version 12.00
# Visual Studio Version 16
VisualStudioVersion = 16.0.31729.503
MinimumVisualStudioVersion = 10.0.40219.1
Project("{FAE04EC0-301F-11D3-BF4B-00C04F79EFBC}") = "128_ActDataGrid_C", "128_ActDataGrid_C\128_ActDataGrid_C.csproj", "{835E7128-49DA-4B28-BEFD-5CAC5FFD8CC6}"
EndProject
Global
	GlobalSection(SolutionConfigurationPlatforms) = preSolution
		Debug|Any CPU = Debug|Any CPU
		Release|Any CPU = Release|Any CPU
	EndGlobalSection
	GlobalSection(ProjectConfigurationPlatforms) = postSolution
		{835E7128-49DA-4B28-BEFD-5CAC5FFD8CC6}.Debug|Any CPU.ActiveCfg = Debug|Any CPU
		{835E7128-49DA-4B28-BEFD-5CAC5FFD8CC6}.Debug|Any CPU.Build.0 = Debug|Any CPU
		{835E7128-49DA-4B28-BEFD-5CAC5FFD8CC6}.Release|Any CPU.ActiveCfg = Release|Any CPU
		{835E7128-49DA-4B28-BEFD-5CAC5FFD8CC6}.Release|Any CPU.Build.0 = Release|Any CPU
	EndGlobalSection
	GlobalSection(SolutionProperties) = preSolution
		HideSolutionNode = FALSE
	EndGlobalSection
	GlobalSection(ExtensibilityGlobals) = postSolution
		SolutionGuid = {D8721ABA-7B66-47E6-B7F3-DFB40A051160}
	EndGlobalSection
EndGlobal
